<Solution>
  <Folder Name="/src/">
    <Project Path="src/Contracts/Contracts.csproj" />
    <Project Path="src/InventoryService/InventoryService.csproj" />
    <Project Path="src/NotificationService/NotificationService.csproj" />
    <Project Path="src/OrderService/OrderService.csproj" />
    <Project Path="src/PaymentService/PaymentService.csproj" />
  </Folder>
  <Folder Name="/tests/">
    <Project Path="tests/InventoryService.ComponentTests/InventoryService.ComponentTests.csproj" />
    <Project Path="tests/InventoryService.ContractTests/InventoryService.ContractTests.csproj" />
    <Project Path="tests/NotificationService.ContractTests/NotificationService.ContractTests.csproj" />
    <Project Path="tests/OrderService.ComponentTests/OrderService.ComponentTests.csproj" />
    <Project Path="tests/OrderService.ContractTests/OrderService.ContractTests.csproj" />
    <Project Path="tests/OrderService.MessageContractTests/OrderService.MessageContractTests.csproj" />
    <Project Path="tests/PaymentService.ComponentTests/PaymentService.ComponentTests.csproj" />
    <Project Path="tests/PaymentService.ContractTests/PaymentService.ContractTests.csproj" />
  </Folder>
</Solution>
